
Microsoft Visual Studio Solution File, Format Version 12.00
# Visual Studio Version 16
VisualStudioVersion = 16.0.31729.503
MinimumVisualStudioVersion = 10.0.40219.1
Project("{9A19103F-16F7-4668-BE54-9A1E7A4F7556}") = "SetAssemblyProperties", "SetAssemblyProperties\SetAssemblyProperties.csproj", "{AD13D036-9851-45CD-B2DA-40EB0DBE802F}"
EndProject
Global
	GlobalSection(SolutionConfigurationPlatforms) = preSolution
		Debug|Any CPU = Debug|Any CPU
		Release|Any CPU = Release|Any CPU
	EndGlobalSection
	GlobalSection(ProjectConfigurationPlatforms) = postSolution
		{AD13D036-9851-45CD-B2DA-40EB0DBE802F}.Debug|Any CPU.ActiveCfg = Debug|Any CPU
		{AD13D036-9851-45CD-B2DA-40EB0DBE802F}.Debug|Any CPU.Build.0 = Debug|Any CPU
		{AD13D036-9851-45CD-B2DA-40EB0DBE802F}.Release|Any CPU.ActiveCfg = Release|Any CPU
		{AD13D036-9851-45CD-B2DA-40EB0DBE802F}.Release|Any CPU.Build.0 = Release|Any CPU
	EndGlobalSection
	GlobalSection(SolutionProperties) = preSolution
		HideSolutionNode = FALSE
	EndGlobalSection
	GlobalSection(ExtensibilityGlobals) = postSolution
		SolutionGuid = {A01677F4-72FB-4443-B218-9822AAD0C09E}
	EndGlobalSection
EndGlobal
